PODS:
  - boost (1.59.0):
    - boost/graph-includes (= 1.59.0)
    - boost/math-includes (= 1.59.0)
    - boost/numeric-includes (= 1.59.0)
    - boost/pointer_cast-includes (= 1.59.0)
    - boost/preprocessor-includes (= 1.59.0)
    - boost/shared_ptr-includes (= 1.59.0)
    - boost/string_algorithms-includes (= 1.59.0)
  - boost/graph-includes (1.59.0)
  - boost/math-includes (1.59.0)
  - boost/numeric-includes (1.59.0)
  - boost/pointer_cast-includes (1.59.0)
  - boost/preprocessor-includes (1.59.0)
  - boost/shared_ptr-includes (1.59.0)
  - boost/string_algorithms-includes (1.59.0)
  - DoubleConversion (1.1.5)
  - Folly (2016.09.26.00):
    - boost
    - DoubleConversion
    - GLog
  - GLog (0.3.4)
  - React (0.52.2):
    - React/Core (= 0.52.2)
  - React/Core (0.52.2):
    - yoga (= 0.52.2.React)
  - React/CxxBridge (0.52.2):
    - Folly (= 2016.09.26.00)
    - React/Core
    - React/cxxreact
  - React/cxxreact (0.52.2):
    - boost
    - Folly (= 2016.09.26.00)
    - React/jschelpers
    - React/jsinspector
  - React/DevSupport (0.52.2):
    - React/Core
    - React/RCTWebSocket
  - React/fishhook (0.52.2)
  - React/jschelpers (0.52.2):
    - Folly (= 2016.09.26.00)
    - React/PrivateDatabase
  - React/jsinspector (0.52.2)
  - React/PrivateDatabase (0.52.2)
  - React/RCTAnimation (0.52.2):
    - React/Core
  - React/RCTBlob (0.52.2):
    - React/Core
  - React/RCTImage (0.52.2):
    - React/Core
    - React/RCTNetwork
  - React/RCTLinkingIOS (0.52.2):
    - React/Core
  - React/RCTNetwork (0.52.2):
    - React/Core
  - React/RCTText (0.52.2):
    - React/Core
  - React/RCTWebSocket (0.52.2):
    - React/Core
    - React/fishhook
    - React/RCTBlob
  - RNSVG (6.2.1):
    - React
  - yoga (0.52.2.React)

DEPENDENCIES:
  - DoubleConversion (from `../node_modules/react-native/third-party-podspecs/DoubleConversion.podspec`)
  - Folly (from `../node_modules/react-native/third-party-podspecs/Folly.podspec`)
  - GLog (from `../node_modules/react-native/third-party-podspecs/GLog.podspec`)
  - React/Core (from `../node_modules/react-native`)
  - React/CxxBridge (from `../node_modules/react-native`)
  - React/DevSupport (from `../node_modules/react-native`)
  - React/RCTAnimation (from `../node_modules/react-native`)
  - React/RCTBlob (from `../node_modules/react-native`)
  - React/RCTImage (from `../node_modules/react-native`)
  - React/RCTLinkingIOS (from `../node_modules/react-native`)
  - React/RCTNetwork (from `../node_modules/react-native`)
  - React/RCTText (from `../node_modules/react-native`)
  - React/RCTWebSocket (from `../node_modules/react-native`)
  - RNSVG (from `../node_modules/react-native-svg`)
  - yoga (from `../node_modules/react-native/ReactCommon/yoga`)

EXTERNAL SOURCES:
  DoubleConversion:
    :podspec: ../node_modules/react-native/third-party-podspecs/DoubleConversion.podspec
  Folly:
    :podspec: ../node_modules/react-native/third-party-podspecs/Folly.podspec
  GLog:
    :podspec: ../node_modules/react-native/third-party-podspecs/GLog.podspec
  React:
    :path: ../node_modules/react-native
  RNSVG:
    :path: ../node_modules/react-native-svg
  yoga:
    :path: ../node_modules/react-native/ReactCommon/yoga

SPEC CHECKSUMS:
  boost: 30a15ffb6d9aa4646dd3caffc960753f4cb4ca4e
  DoubleConversion: ebb6747c5b66026ad4f97b789c3ceac6f18e57a6
  Folly: b7255b29f1d693c375d642d0f04f0592181156d9
  GLog: 3e4e4ae9746ce6bf6e9420c7fc1e08ad59c8ba1a
  React: 43e97926f429d846050880666de1809e22dd5cc5
  RNSVG: 6252323c0312735f0af5f58b5adf2965b6a9ffbf
  yoga: 55da126afc384965b96bff46652464373b330add

PODFILE CHECKSUM: 9de4192bf91eac7af9c93de51fc16e91a5b20a7a

COCOAPODS: 1.4.0
